
Microsoft Visual Studio Solution File, Format Version 12.00
# Visual Studio Version 17
VisualStudioVersion = 17.5.002.0
MinimumVisualStudioVersion = 10.0.40219.1
Project("{2150E333-8FDC-42A3-9474-1A3956D46DE8}") = "BootCamp", "BootCamp", "{ADC22A81-815C-4C64-A057-7F29948B6EAF}"
EndProject
Project("{9A19103F-16F7-4668-BE54-9A1E7A4F7556}") = "Alg", "BootCamp\Alg\Alg.csproj", "{DEF8B957-521B-4591-87AB-EEBA3A47B54F}"
EndProject
Project("{2150E333-8FDC-42A3-9474-1A3956D46DE8}") = "HomeWork", "HomeWork", "{FED9D6FC-46F5-4315-BB2D-8044ABF43836}"
EndProject
Project("{2150E333-8FDC-42A3-9474-1A3956D46DE8}") = "c#", "c#", "{52F3838C-1535-4F59-B367-F43C70E5104F}"
EndProject
Project("{2150E333-8FDC-42A3-9474-1A3956D46DE8}") = "Seminar05", "Seminar05", "{F848654C-DB2D-4283-B809-BCA35BFD4CEA}"
EndProject
Project("{9A19103F-16F7-4668-BE54-9A1E7A4F7556}") = "Task1", "HomeWork\c#\Seminar05\Task1\Task1.csproj", "{BF2F4CE5-4F6A-45EF-96C8-3B2FD81EBB4C}"
EndProject
Project("{9A19103F-16F7-4668-BE54-9A1E7A4F7556}") = "Task3", "HomeWork\c#\Seminar05\Task3\Task3.csproj", "{EA54F5DA-3C8E-479C-A62E-BA6EB6C6412E}"
EndProject
Project("{9A19103F-16F7-4668-BE54-9A1E7A4F7556}") = "Task2", "HomeWork\c#\Seminar05\Task2\Task2.csproj", "{F065533F-2FFC-49AD-B749-390BEB335CF9}"
EndProject
Project("{2150E333-8FDC-42A3-9474-1A3956D46DE8}") = "Seminar02", "Seminar02", "{BFD73C7B-B0A4-433B-895A-6724DBEA4B1A}"
EndProject
Project("{9A19103F-16F7-4668-BE54-9A1E7A4F7556}") = "Task1", "HomeWork\c#\Seminar02\Task1\Task1.csproj", "{8ED7D79B-7A87-4C5D-8E1E-27C847622FE4}"
EndProject
Project("{9A19103F-16F7-4668-BE54-9A1E7A4F7556}") = "Task3", "HomeWork\c#\Seminar02\Task3\Task3.csproj", "{084182C8-DDDB-462C-9D76-732D2A905A28}"
EndProject
Project("{9A19103F-16F7-4668-BE54-9A1E7A4F7556}") = "Task2", "HomeWork\c#\Seminar02\Task2\Task2.csproj", "{B394F1F7-09AB-48CF-AA26-75022F8679EB}"
EndProject
Project("{2150E333-8FDC-42A3-9474-1A3956D46DE8}") = "Seminar03", "Seminar03", "{B9294BD6-2493-40C3-82F4-986E221C504B}"
EndProject
Project("{9A19103F-16F7-4668-BE54-9A1E7A4F7556}") = "Task1", "HomeWork\c#\Seminar03\Task1\Task1.csproj", "{B34315DE-5817-4074-ACF8-DC0D0283C7ED}"
EndProject
Project("{9A19103F-16F7-4668-BE54-9A1E7A4F7556}") = "Task3", "HomeWork\c#\Seminar03\Task3\Task3.csproj", "{93D6F9F3-F11C-49C3-A5F8-FC2A03715661}"
EndProject
Project("{9A19103F-16F7-4668-BE54-9A1E7A4F7556}") = "Task2", "HomeWork\c#\Seminar03\Task2\Task2.csproj", "{0F9802AC-C121-4C1C-8430-721A2A77A1BA}"
EndProject
Project("{2150E333-8FDC-42A3-9474-1A3956D46DE8}") = "Finish", "Finish", "{C4DFE735-E8EB-4585-AB5C-659C2A39C99E}"
EndProject
Project("{9A19103F-16F7-4668-BE54-9A1E7A4F7556}") = "Task1", "HomeWork\c#\Finish\Task1\Task1.csproj", "{192C165D-9DE5-4C0E-8E3F-89825894C0BE}"
EndProject
Project("{9A19103F-16F7-4668-BE54-9A1E7A4F7556}") = "Task3", "HomeWork\c#\Finish\Task3\Task3.csproj", "{CCBD54C1-B1D9-436B-976C-0105F794E503}"
EndProject
Project("{9A19103F-16F7-4668-BE54-9A1E7A4F7556}") = "Task2", "HomeWork\c#\Finish\Task2\Task2.csproj", "{09B97BE7-5C1E-4095-85BB-1675CF26C7CC}"
EndProject
Project("{2150E333-8FDC-42A3-9474-1A3956D46DE8}") = "Work", "Work", "{C57739A2-EBF4-4F22-9785-DBF6C3FBB45B}"
EndProject
Project("{9A19103F-16F7-4668-BE54-9A1E7A4F7556}") = "Task01", "HomeWork\c#\Work\Task01\Task01.csproj", "{0A43082A-EB6A-4AE4-A4F4-81F883AD3CF3}"
EndProject
Project("{2150E333-8FDC-42A3-9474-1A3956D46DE8}") = "Seminar01", "Seminar01", "{D9AE831E-DCFD-43D9-BD52-E8D80E8381C7}"
EndProject
Project("{9A19103F-16F7-4668-BE54-9A1E7A4F7556}") = "Task1", "HomeWork\c#\Seminar01\Task1\Task1.csproj", "{E843E2EF-BFA9-4D15-9AE0-76D45E4B05F8}"
EndProject
Project("{9A19103F-16F7-4668-BE54-9A1E7A4F7556}") = "Task3", "HomeWork\c#\Seminar01\Task3\Task3.csproj", "{45C2670C-9184-473B-A87E-1AC83AF7C768}"
EndProject
Project("{9A19103F-16F7-4668-BE54-9A1E7A4F7556}") = "Task4", "HomeWork\c#\Seminar01\Task4\Task4.csproj", "{5ED1D3CE-488E-4495-A6B6-03821ABD5A87}"
EndProject
Project("{9A19103F-16F7-4668-BE54-9A1E7A4F7556}") = "Task2", "HomeWork\c#\Seminar01\Task2\Task2.csproj", "{BF180D8A-D759-4DFB-B08D-85B014B68AD2}"
EndProject
Project("{2150E333-8FDC-42A3-9474-1A3956D46DE8}") = "Seminar06", "Seminar06", "{FE4735B2-5ABF-45ED-ABA7-84FC5501C414}"
EndProject
Project("{9A19103F-16F7-4668-BE54-9A1E7A4F7556}") = "Task1", "HomeWork\c#\Seminar06\Task1\Task1.csproj", "{9EF8B963-EF1A-4AC5-9C7F-DC7C21423265}"
EndProject
Project("{9A19103F-16F7-4668-BE54-9A1E7A4F7556}") = "Task3", "HomeWork\c#\Seminar06\Task3\Task3.csproj", "{29537505-E923-43E4-AD4C-B273C119240C}"
EndProject
Project("{9A19103F-16F7-4668-BE54-9A1E7A4F7556}") = "Task4", "HomeWork\c#\Seminar06\Task4\Task4.csproj", "{2E5FA719-14BD-4C7F-83DE-8C61B4FBFBA1}"
EndProject
Project("{9A19103F-16F7-4668-BE54-9A1E7A4F7556}") = "Task2", "HomeWork\c#\Seminar06\Task2\Task2.csproj", "{751B0F9B-0AAE-4CAF-8A23-B6185A5CCCF0}"
EndProject
Project("{2150E333-8FDC-42A3-9474-1A3956D46DE8}") = "Seminar07", "Seminar07", "{2AF0664C-0901-4A43-B53D-4A20BFA1B380}"
EndProject
Project("{9A19103F-16F7-4668-BE54-9A1E7A4F7556}") = "Task03", "HomeWork\c#\Seminar07\Task03\Task03.csproj", "{7E696144-EE99-4A53-AC54-CC9D699B7EA8}"
EndProject
Project("{9A19103F-16F7-4668-BE54-9A1E7A4F7556}") = "Task02", "HomeWork\c#\Seminar07\Task02\Task02.csproj", "{FF7025E1-86B6-4BD3-9ED3-22A87A547DE9}"
EndProject
Project("{9A19103F-16F7-4668-BE54-9A1E7A4F7556}") = "Task01", "HomeWork\c#\Seminar07\Task01\Task01.csproj", "{A3B1067E-01F5-45EF-869F-2ABBE6B2AC5C}"
EndProject
Project("{2150E333-8FDC-42A3-9474-1A3956D46DE8}") = "Temp", "Temp", "{6B5658FE-7C37-4CAF-8E97-C3B5B9D3A1E6}"
EndProject
Project("{2150E333-8FDC-42A3-9474-1A3956D46DE8}") = "TempRepo", "TempRepo", "{B0EE25BF-EAB8-4483-9B63-575EFFDA3E93}"
EndProject
Project("{2150E333-8FDC-42A3-9474-1A3956D46DE8}") = "Examples", "Examples", "{6FD5F12B-1B13-4173-8828-819D75C3E694}"
EndProject
Project("{2150E333-8FDC-42A3-9474-1A3956D46DE8}") = "Ex1", "Ex1", "{0FD1CCFD-ADB7-4B0D-BC9F-29FCFFB03EEE}"
EndProject
Project("{9A19103F-16F7-4668-BE54-9A1E7A4F7556}") = "Ihw", "Temp\TempRepo\Examples\Ex1\Ihw\Ihw.csproj", "{0C6C3FD9-6EED-4650-9F7E-CF067A300FE3}"
EndProject
Global
	GlobalSection(SolutionConfigurationPlatforms) = preSolution
		Debug|Any CPU = Debug|Any CPU
		Release|Any CPU = Release|Any CPU
	EndGlobalSection
	GlobalSection(ProjectConfigurationPlatforms) = postSolution
		{DEF8B957-521B-4591-87AB-EEBA3A47B54F}.Debug|Any CPU.ActiveCfg = Debug|Any CPU
		{DEF8B957-521B-4591-87AB-EEBA3A47B54F}.Debug|Any CPU.Build.0 = Debug|Any CPU
		{DEF8B957-521B-4591-87AB-EEBA3A47B54F}.Release|Any CPU.ActiveCfg = Release|Any CPU
		{DEF8B957-521B-4591-87AB-EEBA3A47B54F}.Release|Any CPU.Build.0 = Release|Any CPU
		{BF2F4CE5-4F6A-45EF-96C8-3B2FD81EBB4C}.Debug|Any CPU.ActiveCfg = Debug|Any CPU
		{BF2F4CE5-4F6A-45EF-96C8-3B2FD81EBB4C}.Debug|Any CPU.Build.0 = Debug|Any CPU
		{BF2F4CE5-4F6A-45EF-96C8-3B2FD81EBB4C}.Release|Any CPU.ActiveCfg = Release|Any CPU
		{BF2F4CE5-4F6A-45EF-96C8-3B2FD81EBB4C}.Release|Any CPU.Build.0 = Release|Any CPU
		{EA54F5DA-3C8E-479C-A62E-BA6EB6C6412E}.Debug|Any CPU.ActiveCfg = Debug|Any CPU
		{EA54F5DA-3C8E-479C-A62E-BA6EB6C6412E}.Debug|Any CPU.Build.0 = Debug|Any CPU
		{EA54F5DA-3C8E-479C-A62E-BA6EB6C6412E}.Release|Any CPU.ActiveCfg = Release|Any CPU
		{EA54F5DA-3C8E-479C-A62E-BA6EB6C6412E}.Release|Any CPU.Build.0 = Release|Any CPU
		{F065533F-2FFC-49AD-B749-390BEB335CF9}.Debug|Any CPU.ActiveCfg = Debug|Any CPU
		{F065533F-2FFC-49AD-B749-390BEB335CF9}.Debug|Any CPU.Build.0 = Debug|Any CPU
		{F065533F-2FFC-49AD-B749-390BEB335CF9}.Release|Any CPU.ActiveCfg = Release|Any CPU
		{F065533F-2FFC-49AD-B749-390BEB335CF9}.Release|Any CPU.Build.0 = Release|Any CPU
		{8ED7D79B-7A87-4C5D-8E1E-27C847622FE4}.Debug|Any CPU.ActiveCfg = Debug|Any CPU
		{8ED7D79B-7A87-4C5D-8E1E-27C847622FE4}.Debug|Any CPU.Build.0 = Debug|Any CPU
		{8ED7D79B-7A87-4C5D-8E1E-27C847622FE4}.Release|Any CPU.ActiveCfg = Release|Any CPU
		{8ED7D79B-7A87-4C5D-8E1E-27C847622FE4}.Release|Any CPU.Build.0 = Release|Any CPU
		{084182C8-DDDB-462C-9D76-732D2A905A28}.Debug|Any CPU.ActiveCfg = Debug|Any CPU
		{084182C8-DDDB-462C-9D76-732D2A905A28}.Debug|Any CPU.Build.0 = Debug|Any CPU
		{084182C8-DDDB-462C-9D76-732D2A905A28}.Release|Any CPU.ActiveCfg = Release|Any CPU
		{084182C8-DDDB-462C-9D76-732D2A905A28}.Release|Any CPU.Build.0 = Release|Any CPU
		{B394F1F7-09AB-48CF-AA26-75022F8679EB}.Debug|Any CPU.ActiveCfg = Debug|Any CPU
		{B394F1F7-09AB-48CF-AA26-75022F8679EB}.Debug|Any CPU.Build.0 = Debug|Any CPU
		{B394F1F7-09AB-48CF-AA26-75022F8679EB}.Release|Any CPU.ActiveCfg = Release|Any CPU
		{B394F1F7-09AB-48CF-AA26-75022F8679EB}.Release|Any CPU.Build.0 = Release|Any CPU
		{B34315DE-5817-4074-ACF8-DC0D0283C7ED}.Debug|Any CPU.ActiveCfg = Debug|Any CPU
		{B34315DE-5817-4074-ACF8-DC0D0283C7ED}.Debug|Any CPU.Build.0 = Debug|Any CPU
		{B34315DE-5817-4074-ACF8-DC0D0283C7ED}.Release|Any CPU.ActiveCfg = Release|Any CPU
		{B34315DE-5817-4074-ACF8-DC0D0283C7ED}.Release|Any CPU.Build.0 = Release|Any CPU
		{93D6F9F3-F11C-49C3-A5F8-FC2A03715661}.Debug|Any CPU.ActiveCfg = Debug|Any CPU
		{93D6F9F3-F11C-49C3-A5F8-FC2A03715661}.Debug|Any CPU.Build.0 = Debug|Any CPU
		{93D6F9F3-F11C-49C3-A5F8-FC2A03715661}.Release|Any CPU.ActiveCfg = Release|Any CPU
		{93D6F9F3-F11C-49C3-A5F8-FC2A03715661}.Release|Any CPU.Build.0 = Release|Any CPU
		{0F9802AC-C121-4C1C-8430-721A2A77A1BA}.Debug|Any CPU.ActiveCfg = Debug|Any CPU
		{0F9802AC-C121-4C1C-8430-721A2A77A1BA}.Debug|Any CPU.Build.0 = Debug|Any CPU
		{0F9802AC-C121-4C1C-8430-721A2A77A1BA}.Release|Any CPU.ActiveCfg = Release|Any CPU
		{0F9802AC-C121-4C1C-8430-721A2A77A1BA}.Release|Any CPU.Build.0 = Release|Any CPU
		{192C165D-9DE5-4C0E-8E3F-89825894C0BE}.Debug|Any CPU.ActiveCfg = Debug|Any CPU
		{192C165D-9DE5-4C0E-8E3F-89825894C0BE}.Debug|Any CPU.Build.0 = Debug|Any CPU
		{192C165D-9DE5-4C0E-8E3F-89825894C0BE}.Release|Any CPU.ActiveCfg = Release|Any CPU
		{192C165D-9DE5-4C0E-8E3F-89825894C0BE}.Release|Any CPU.Build.0 = Release|Any CPU
		{CCBD54C1-B1D9-436B-976C-0105F794E503}.Debug|Any CPU.ActiveCfg = Debug|Any CPU
		{CCBD54C1-B1D9-436B-976C-0105F794E503}.Debug|Any CPU.Build.0 = Debug|Any CPU
		{CCBD54C1-B1D9-436B-976C-0105F794E503}.Release|Any CPU.ActiveCfg = Release|Any CPU
		{CCBD54C1-B1D9-436B-976C-0105F794E503}.Release|Any CPU.Build.0 = Release|Any CPU
		{09B97BE7-5C1E-4095-85BB-1675CF26C7CC}.Debug|Any CPU.ActiveCfg = Debug|Any CPU
		{09B97BE7-5C1E-4095-85BB-1675CF26C7CC}.Debug|Any CPU.Build.0 = Debug|Any CPU
		{09B97BE7-5C1E-4095-85BB-1675CF26C7CC}.Release|Any CPU.ActiveCfg = Release|Any CPU
		{09B97BE7-5C1E-4095-85BB-1675CF26C7CC}.Release|Any CPU.Build.0 = Release|Any CPU
		{0A43082A-EB6A-4AE4-A4F4-81F883AD3CF3}.Debug|Any CPU.ActiveCfg = Debug|Any CPU
		{0A43082A-EB6A-4AE4-A4F4-81F883AD3CF3}.Debug|Any CPU.Build.0 = Debug|Any CPU
		{0A43082A-EB6A-4AE4-A4F4-81F883AD3CF3}.Release|Any CPU.ActiveCfg = Release|Any CPU
		{0A43082A-EB6A-4AE4-A4F4-81F883AD3CF3}.Release|Any CPU.Build.0 = Release|Any CPU
		{E843E2EF-BFA9-4D15-9AE0-76D45E4B05F8}.Debug|Any CPU.ActiveCfg = Debug|Any CPU
		{E843E2EF-BFA9-4D15-9AE0-76D45E4B05F8}.Debug|Any CPU.Build.0 = Debug|Any CPU
		{E843E2EF-BFA9-4D15-9AE0-76D45E4B05F8}.Release|Any CPU.ActiveCfg = Release|Any CPU
		{E843E2EF-BFA9-4D15-9AE0-76D45E4B05F8}.Release|Any CPU.Build.0 = Release|Any CPU
		{45C2670C-9184-473B-A87E-1AC83AF7C768}.Debug|Any CPU.ActiveCfg = Debug|Any CPU
		{45C2670C-9184-473B-A87E-1AC83AF7C768}.Debug|Any CPU.Build.0 = Debug|Any CPU
		{45C2670C-9184-473B-A87E-1AC83AF7C768}.Release|Any CPU.ActiveCfg = Release|Any CPU
		{45C2670C-9184-473B-A87E-1AC83AF7C768}.Release|Any CPU.Build.0 = Release|Any CPU
		{5ED1D3CE-488E-4495-A6B6-03821ABD5A87}.Debug|Any CPU.ActiveCfg = Debug|Any CPU
		{5ED1D3CE-488E-4495-A6B6-03821ABD5A87}.Debug|Any CPU.Build.0 = Debug|Any CPU
		{5ED1D3CE-488E-4495-A6B6-03821ABD5A87}.Release|Any CPU.ActiveCfg = Release|Any CPU
		{5ED1D3CE-488E-4495-A6B6-03821ABD5A87}.Release|Any CPU.Build.0 = Release|Any CPU
		{BF180D8A-D759-4DFB-B08D-85B014B68AD2}.Debug|Any CPU.ActiveCfg = Debug|Any CPU
		{BF180D8A-D759-4DFB-B08D-85B014B68AD2}.Debug|Any CPU.Build.0 = Debug|Any CPU
		{BF180D8A-D759-4DFB-B08D-85B014B68AD2}.Release|Any CPU.ActiveCfg = Release|Any CPU
		{BF180D8A-D759-4DFB-B08D-85B014B68AD2}.Release|Any CPU.Build.0 = Release|Any CPU
		{9EF8B963-EF1A-4AC5-9C7F-DC7C21423265}.Debug|Any CPU.ActiveCfg = Debug|Any CPU
		{9EF8B963-EF1A-4AC5-9C7F-DC7C21423265}.Debug|Any CPU.Build.0 = Debug|Any CPU
		{9EF8B963-EF1A-4AC5-9C7F-DC7C21423265}.Release|Any CPU.ActiveCfg = Release|Any CPU
		{9EF8B963-EF1A-4AC5-9C7F-DC7C21423265}.Release|Any CPU.Build.0 = Release|Any CPU
		{29537505-E923-43E4-AD4C-B273C119240C}.Debug|Any CPU.ActiveCfg = Debug|Any CPU
		{29537505-E923-43E4-AD4C-B273C119240C}.Debug|Any CPU.Build.0 = Debug|Any CPU
		{29537505-E923-43E4-AD4C-B273C119240C}.Release|Any CPU.ActiveCfg = Release|Any CPU
		{29537505-E923-43E4-AD4C-B273C119240C}.Release|Any CPU.Build.0 = Release|Any CPU
		{2E5FA719-14BD-4C7F-83DE-8C61B4FBFBA1}.Debug|Any CPU.ActiveCfg = Debug|Any CPU
		{2E5FA719-14BD-4C7F-83DE-8C61B4FBFBA1}.Debug|Any CPU.Build.0 = Debug|Any CPU
		{2E5FA719-14BD-4C7F-83DE-8C61B4FBFBA1}.Release|Any CPU.ActiveCfg = Release|Any CPU
		{2E5FA719-14BD-4C7F-83DE-8C61B4FBFBA1}.Release|Any CPU.Build.0 = Release|Any CPU
		{751B0F9B-0AAE-4CAF-8A23-B6185A5CCCF0}.Debug|Any CPU.ActiveCfg = Debug|Any CPU
		{751B0F9B-0AAE-4CAF-8A23-B6185A5CCCF0}.Debug|Any CPU.Build.0 = Debug|Any CPU
		{751B0F9B-0AAE-4CAF-8A23-B6185A5CCCF0}.Release|Any CPU.ActiveCfg = Release|Any CPU
		{751B0F9B-0AAE-4CAF-8A23-B6185A5CCCF0}.Release|Any CPU.Build.0 = Release|Any CPU
		{7E696144-EE99-4A53-AC54-CC9D699B7EA8}.Debug|Any CPU.ActiveCfg = Debug|Any CPU
		{7E696144-EE99-4A53-AC54-CC9D699B7EA8}.Debug|Any CPU.Build.0 = Debug|Any CPU
		{7E696144-EE99-4A53-AC54-CC9D699B7EA8}.Release|Any CPU.ActiveCfg = Release|Any CPU
		{7E696144-EE99-4A53-AC54-CC9D699B7EA8}.Release|Any CPU.Build.0 = Release|Any CPU
		{FF7025E1-86B6-4BD3-9ED3-22A87A547DE9}.Debug|Any CPU.ActiveCfg = Debug|Any CPU
		{FF7025E1-86B6-4BD3-9ED3-22A87A547DE9}.Debug|Any CPU.Build.0 = Debug|Any CPU
		{FF7025E1-86B6-4BD3-9ED3-22A87A547DE9}.Release|Any CPU.ActiveCfg = Release|Any CPU
		{FF7025E1-86B6-4BD3-9ED3-22A87A547DE9}.Release|Any CPU.Build.0 = Release|Any CPU
		{A3B1067E-01F5-45EF-869F-2ABBE6B2AC5C}.Debug|Any CPU.ActiveCfg = Debug|Any CPU
		{A3B1067E-01F5-45EF-869F-2ABBE6B2AC5C}.Debug|Any CPU.Build.0 = Debug|Any CPU
		{A3B1067E-01F5-45EF-869F-2ABBE6B2AC5C}.Release|Any CPU.ActiveCfg = Release|Any CPU
		{A3B1067E-01F5-45EF-869F-2ABBE6B2AC5C}.Release|Any CPU.Build.0 = Release|Any CPU
		{0C6C3FD9-6EED-4650-9F7E-CF067A300FE3}.Debug|Any CPU.ActiveCfg = Debug|Any CPU
		{0C6C3FD9-6EED-4650-9F7E-CF067A300FE3}.Debug|Any CPU.Build.0 = Debug|Any CPU
		{0C6C3FD9-6EED-4650-9F7E-CF067A300FE3}.Release|Any CPU.ActiveCfg = Release|Any CPU
		{0C6C3FD9-6EED-4650-9F7E-CF067A300FE3}.Release|Any CPU.Build.0 = Release|Any CPU
	EndGlobalSection
	GlobalSection(SolutionProperties) = preSolution
		HideSolutionNode = FALSE
	EndGlobalSection
	GlobalSection(NestedProjects) = preSolution
		{DEF8B957-521B-4591-87AB-EEBA3A47B54F} = {ADC22A81-815C-4C64-A057-7F29948B6EAF}
		{52F3838C-1535-4F59-B367-F43C70E5104F} = {FED9D6FC-46F5-4315-BB2D-8044ABF43836}
		{F848654C-DB2D-4283-B809-BCA35BFD4CEA} = {52F3838C-1535-4F59-B367-F43C70E5104F}
		{BF2F4CE5-4F6A-45EF-96C8-3B2FD81EBB4C} = {F848654C-DB2D-4283-B809-BCA35BFD4CEA}
		{EA54F5DA-3C8E-479C-A62E-BA6EB6C6412E} = {F848654C-DB2D-4283-B809-BCA35BFD4CEA}
		{F065533F-2FFC-49AD-B749-390BEB335CF9} = {F848654C-DB2D-4283-B809-BCA35BFD4CEA}
		{BFD73C7B-B0A4-433B-895A-6724DBEA4B1A} = {52F3838C-1535-4F59-B367-F43C70E5104F}
		{8ED7D79B-7A87-4C5D-8E1E-27C847622FE4} = {BFD73C7B-B0A4-433B-895A-6724DBEA4B1A}
		{084182C8-DDDB-462C-9D76-732D2A905A28} = {BFD73C7B-B0A4-433B-895A-6724DBEA4B1A}
		{B394F1F7-09AB-48CF-AA26-75022F8679EB} = {BFD73C7B-B0A4-433B-895A-6724DBEA4B1A}
		{B9294BD6-2493-40C3-82F4-986E221C504B} = {52F3838C-1535-4F59-B367-F43C70E5104F}
		{B34315DE-5817-4074-ACF8-DC0D0283C7ED} = {B9294BD6-2493-40C3-82F4-986E221C504B}
		{93D6F9F3-F11C-49C3-A5F8-FC2A03715661} = {B9294BD6-2493-40C3-82F4-986E221C504B}
		{0F9802AC-C121-4C1C-8430-721A2A77A1BA} = {B9294BD6-2493-40C3-82F4-986E221C504B}
		{C4DFE735-E8EB-4585-AB5C-659C2A39C99E} = {52F3838C-1535-4F59-B367-F43C70E5104F}
		{192C165D-9DE5-4C0E-8E3F-89825894C0BE} = {C4DFE735-E8EB-4585-AB5C-659C2A39C99E}
		{CCBD54C1-B1D9-436B-976C-0105F794E503} = {C4DFE735-E8EB-4585-AB5C-659C2A39C99E}
		{09B97BE7-5C1E-4095-85BB-1675CF26C7CC} = {C4DFE735-E8EB-4585-AB5C-659C2A39C99E}
		{C57739A2-EBF4-4F22-9785-DBF6C3FBB45B} = {52F3838C-1535-4F59-B367-F43C70E5104F}
		{0A43082A-EB6A-4AE4-A4F4-81F883AD3CF3} = {C57739A2-EBF4-4F22-9785-DBF6C3FBB45B}
		{D9AE831E-DCFD-43D9-BD52-E8D80E8381C7} = {52F3838C-1535-4F59-B367-F43C70E5104F}
		{E843E2EF-BFA9-4D15-9AE0-76D45E4B05F8} = {D9AE831E-DCFD-43D9-BD52-E8D80E8381C7}
		{45C2670C-9184-473B-A87E-1AC83AF7C768} = {D9AE831E-DCFD-43D9-BD52-E8D80E8381C7}
		{5ED1D3CE-488E-4495-A6B6-03821ABD5A87} = {D9AE831E-DCFD-43D9-BD52-E8D80E8381C7}
		{BF180D8A-D759-4DFB-B08D-85B014B68AD2} = {D9AE831E-DCFD-43D9-BD52-E8D80E8381C7}
		{FE4735B2-5ABF-45ED-ABA7-84FC5501C414} = {52F3838C-1535-4F59-B367-F43C70E5104F}
		{9EF8B963-EF1A-4AC5-9C7F-DC7C21423265} = {FE4735B2-5ABF-45ED-ABA7-84FC5501C414}
		{29537505-E923-43E4-AD4C-B273C119240C} = {FE4735B2-5ABF-45ED-ABA7-84FC5501C414}
		{2E5FA719-14BD-4C7F-83DE-8C61B4FBFBA1} = {FE4735B2-5ABF-45ED-ABA7-84FC5501C414}
		{751B0F9B-0AAE-4CAF-8A23-B6185A5CCCF0} = {FE4735B2-5ABF-45ED-ABA7-84FC5501C414}
		{2AF0664C-0901-4A43-B53D-4A20BFA1B380} = {52F3838C-1535-4F59-B367-F43C70E5104F}
		{7E696144-EE99-4A53-AC54-CC9D699B7EA8} = {2AF0664C-0901-4A43-B53D-4A20BFA1B380}
		{FF7025E1-86B6-4BD3-9ED3-22A87A547DE9} = {2AF0664C-0901-4A43-B53D-4A20BFA1B380}
		{A3B1067E-01F5-45EF-869F-2ABBE6B2AC5C} = {2AF0664C-0901-4A43-B53D-4A20BFA1B380}
		{B0EE25BF-EAB8-4483-9B63-575EFFDA3E93} = {6B5658FE-7C37-4CAF-8E97-C3B5B9D3A1E6}
		{6FD5F12B-1B13-4173-8828-819D75C3E694} = {B0EE25BF-EAB8-4483-9B63-575EFFDA3E93}
		{0FD1CCFD-ADB7-4B0D-BC9F-29FCFFB03EEE} = {6FD5F12B-1B13-4173-8828-819D75C3E694}
		{0C6C3FD9-6EED-4650-9F7E-CF067A300FE3} = {0FD1CCFD-ADB7-4B0D-BC9F-29FCFFB03EEE}
	EndGlobalSection
	GlobalSection(ExtensibilityGlobals) = postSolution
		SolutionGuid = {3C56E5F7-81A8-4742-8C66-F03A9DCDF9DF}
	EndGlobalSection
EndGlobal
